github.com/arschles/go-bindata-html-template v0.0.0-20170123182818-839a6918b9ff h1:ETIbG/K781mMt/+Da71SjOwIW5dwFqSEMa93obUNlm0=
github.com/arschles/go-bindata-html-template v0.0.0-20170123182818-839a6918b9ff/go.mod h1:G2RVilyy6tNEfDhlQavPdF90GsPbA8YK6TrPBjfCxAs=
github.com/azer/crud v1.8.0 h1:31dUOsYvw7eILIOixHlbHn4lCT4E1JsY8Q1zd00q6xw=
github.com/azer/crud v1.8.0/go.mod h1:XoPrWBl1DMPeWD1vBo6XxMQngVCBccicQZSfJSkbF7E=
github.com/azer/is-terminal v1.0.0 h1:COvj8jmg2xMz0CqHn4Uu8X1m7Dmzmu0CpciBaLtJQBg=
github.com/azer/is-terminal v1.0.0/go.mod h1:5geuIpRQvdv6g/Q1MwXHbmNUlFLg8QcheGk4dZOmxQU=
github.com/azer/logger v1.0.0 h1:3T4BnTLyndJWHajOyECt2kAhnvP30KCrVAkYcMjHrXk=
github.com/azer/logger v1.0.0/go.mod h1:iaDID7UeBTyUh31bjGFlLkr87k23z/mHMMLzt6YQQHU=
github.com/azer/snakecase v1.0.0 h1:Gr9hfYVh6U96aUoGEbJK400H9KTiz6yCIYk3EN8n9hY=
github.com/azer/snakecase v1.0.0/go.mod h1:iApMeoHF0YlMPzCwqH/d59E3w2s8SeO4rGK+iGClS8Y=
github.com/davecgh/go-spew v1.1.1/go.mod h1:J7Y8YcW2NihsgmVo/mv3lAwl/skON4iLHjSsI+c5H38=
github.com/go-sql-driver/mysql v1.4.0/go.mod h1:zAC/RDZ24gD3HViQzih4MyKcchzm+sOG5ZlKdlhCg5w=
github.com/mattn/go-sqlite3 v1.14.8 h1:gDp86IdQsN/xWjIEmr9MF6o9mpksUgh0fu+9ByFxzIU=
github.com/mattn/go-sqlite3 v1.14.8/go.mod h1:NyWgC/yNuGj7Q9rpYnZvas74GogHl5/Z4A/KQRfk6bU=
github.com/pmezard/go-difflib v1.0.0/go.mod h1:iKH77koFhYxTK1pcRnkKkqfTogsbg7gZNVY4sRDYZ/4=
github.com/stretchr/testify v1.2.2/go.mod h1:a8OnRcib4nhh0OaRAV+Yts87kKdq0PP7pXfy6kDkUVs=
github.com/xujiajun/gorouter v1.2.0 h1:aPKfkzLHxPYRgr+irEE00SEOf78LHnxH/v4m8QiV51Y=
github.com/xujiajun/gorouter v1.2.0/go.mod h1:yJrIta+bTNpBM/2UT8hLOaEAFckO+m/qmR3luMIQygM=
google.golang.org/appengine v1.1.0/go.mod h1:EbEs0AVv82hx2wNQdGPgUI5lhzA/G0D9YwlJXL52JkM=
